
Microsoft Visual Studio Solution File, Format Version 12.00
# Visual Studio 15
VisualStudioVersion = 15.0.28307.168
MinimumVisualStudioVersion = 10.0.40219.1
Project("{FAE04EC0-301F-11D3-BF4B-00C04F79EFBC}") = "fish", "fish\fish.csproj", "{A7C92F17-1FEF-494D-BBF5-D98C7A3539EF}"
EndProject
Global
	GlobalSection(SolutionConfigurationPlatforms) = preSolution
		Debug|Any CPU = Debug|Any CPU
		Release|Any CPU = Release|Any CPU
	EndGlobalSection
	GlobalSection(ProjectConfigurationPlatforms) = postSolution
		{A7C92F17-1FEF-494D-BBF5-D98C7A3539EF}.Debug|Any CPU.ActiveCfg = Debug|Any CPU
		{A7C92F17-1FEF-494D-BBF5-D98C7A3539EF}.Debug|Any CPU.Build.0 = Debug|Any CPU
		{A7C92F17-1FEF-494D-BBF5-D98C7A3539EF}.Release|Any CPU.ActiveCfg = Release|Any CPU
		{A7C92F17-1FEF-494D-BBF5-D98C7A3539EF}.Release|Any CPU.Build.0 = Release|Any CPU
	EndGlobalSection
	GlobalSection(SolutionProperties) = preSolution
		HideSolutionNode = FALSE
	EndGlobalSection
	GlobalSection(ExtensibilityGlobals) = postSolution
		SolutionGuid = {6BB78670-6814-4798-A8A1-59752322DC78}
	EndGlobalSection
EndGlobal
